// !$*UTF8*$!
{
	archiveVersion = 1;
	classes = {
	};
	objectVersion = 46;
	objects = {

/* Begin PBXBuildFile section */
		C39FF5E819F19C1B0018F394 /* AppDelegate.swift in Sources */ = {isa = PBXBuildFile; fileRef = C39FF5E719F19C1B0018F394 /* AppDelegate.swift */; };
		C39FF5EA19F19C1B0018F394 /* ViewController.swift in Sources */ = {isa = PBXBuildFile; fileRef = C39FF5E919F19C1B0018F394 /* ViewController.swift */; };
		C39FF5ED19F19C1B0018F394 /* Main.storyboard in Resources */ = {isa = PBXBuildFile; fileRef = C39FF5EB19F19C1B0018F394 /* Main.storyboard */; };
		C39FF5EF19F19C1B0018F394 /* Images.xcassets in Resources */ = {isa = PBXBuildFile; fileRef = C39FF5EE19F19C1B0018F394 /* Images.xcassets */; };
		C39FF5F219F19C1B0018F394 /* LaunchScreen.xib in Resources */ = {isa = PBXBuildFile; fileRef = C39FF5F019F19C1B0018F394 /* LaunchScreen.xib */; };
		C39FF5FE19F19C1B0018F394 /* PostcardTests.swift in Sources */ = {isa = PBXBuildFile; fileRef = C39FF5FD19F19C1B0018F394 /* PostcardTests.swift */; };
/* End PBXBuildFile section */

/* Begin PBXContainerItemProxy section */
		C39FF5F819F19C1B0018F394 /* PBXContainerItemProxy */ = {
			isa = PBXContainerItemProxy;
			containerPortal = C39FF5DA19F19C1A0018F394 /* Project object */;
			proxyType = 1;
			remoteGlobalIDString = C39FF5E119F19C1A0018F394;
			remoteInfo = Postcard;
		};
/* End PBXContainerItemProxy section */

/* Begin PBXFileReference section */
		C39FF5E219F19C1A0018F394 /* Postcard.app */ = {isa = PBXFileReference; explicitFileType = wrapper.application; includeInIndex = 0; path = Postcard.app; sourceTree = BUILT_PRODUCTS_DIR; };
		C39FF5E619F19C1B0018F394 /* Info.plist */ = {isa = PBXFileReference; lastKnownFileType = text.plist.xml; path = Info.plist; sourceTree = "<group>"; };
		C39FF5E719F19C1B0018F394 /* AppDelegate.swift */ = {isa = PBXFileReference; lastKnownFileType = sourcecode.swift; path = AppDelegate.swift; sourceTree = "<group>"; };
		C39FF5E919F19C1B0018F394 /* ViewController.swift */ = {isa = PBXFileReference; lastKnownFileType = sourcecode.swift; path = ViewController.swift; sourceTree = "<group>"; };
		C39FF5EC19F19C1B0018F394 /* Base */ = {isa = PBXFileReference; lastKnownFileType = file.storyboard; name = Base; path = Base.lproj/Main.storyboard; sourceTree = "<group>"; };
		C39FF5EE19F19C1B0018F394 /* Images.xcassets */ = {isa = PBXFileReference; lastKnownFileType = folder.assetcatalog; path = Images.xcassets; sourceTree = "<group>"; };
		C39FF5F119F19C1B0018F394 /* Base */ = {isa = PBXFileReference; lastKnownFileType = file.xib; name = Base; path = Base.lproj/LaunchScreen.xib; sourceTree = "<group>"; };
		C39FF5F719F19C1B0018F394 /* PostcardTests.xctest */ = {isa = PBXFileReference; explicitFileType = wrapper.cfbundle; includeInIndex = 0; path = PostcardTests.xctest; sourceTree = BUILT_PRODUCTS_DIR; };
		C39FF5FC19F19C1B0018F394 /* Info.plist */ = {isa = PBXFileReference; lastKnownFileType = text.plist.xml; path = Info.plist; sourceTree = "<group>"; };
		C39FF5FD19F19C1B0018F394 /* PostcardTests.swift */ = {isa = PBXFileReference; lastKnownFileType = sourcecode.swift; path = PostcardTests.swift; sourceTree = "<group>"; };
/* End PBXFileReference section */

/* Begin PBXFrameworksBuildPhase section */
		C39FF5DF19F19C1A0018F394 /* Frameworks */ = {
			isa = PBXFrameworksBuildPhase;
			buildActionMask = 2147483647;
			files = (
			);
			runOnlyForDeploymentPostprocessing = 0;
		};
		C39FF5F419F19C1B0018F394 /* Frameworks */ = {
			isa = PBXFrameworksBuildPhase;
			buildActionMask = 2147483647;
			files = (
			);
			runOnlyForDeploymentPostprocessing = 0;
		};
/* End PBXFrameworksBuildPhase section */

/* Begin PBXGroup section */
		C39FF5D919F19C1A0018F394 = {
			isa = PBXGroup;
			children = (
				C39FF5E419F19C1A0018F394 /* Postcard */,
				C39FF5FA19F19C1B0018F394 /* PostcardTests */,
				C39FF5E319F19C1A0018F394 /* Products */,
			);
			sourceTree = "<group>";
		};
		C39FF5E319F19C1A0018F394 /* Products */ = {
			isa = PBXGroup;
			children = (
				C39FF5E219F19C1A0018F394 /* Postcard.app */,
				C39FF5F719F19C1B0018F394 /* PostcardTests.xctest */,
			);
			name = Products;
			sourceTree = "<group>";
		};
		C39FF5E419F19C1A0018F394 /* Postcard */ = {
			isa = PBXGroup;
			children = (
				C39FF5E719F19C1B0018F394 /* AppDelegate.swift */,
				C39FF5E919F19C1B0018F394 /* ViewController.swift */,
				C39FF5EB19F19C1B0018F394 /* Main.storyboard */,
				C39FF5EE19F19C1B0018F394 /* Images.xcassets */,
				C39FF5F019F19C1B0018F394 /* LaunchScreen.xib */,
				C39FF5E519F19C1A0018F394 /* Supporting Files */,
			);
			path = Postcard;
			sourceTree = "<group>";
		};
		C39FF5E519F19C1A0018F394 /* Supporting Files */ = {
			isa = PBXGroup;
			children = (
				C39FF5E619F19C1B0018F394 /* Info.plist */,
			);
			name = "Supporting Files";
			sourceTree = "<group>";
		};
		C39FF5FA19F19C1B0018F394 /* PostcardTests */ = {
			isa = PBXGroup;
			children = (
				C39FF5FD19F19C1B0018F394 /* PostcardTests.swift */,
				C39FF5FB19F19C1B0018F394 /* Supporting Files */,
			);
			path = PostcardTests;
			sourceTree = "<group>";
		};
		C39FF5FB19F19C1B0018F394 /* Supporting Files */ = {
			isa = PBXGroup;
			children = (
				C39FF5FC19F19C1B0018F394 /* Info.plist */,
			);
			name = "Supporting Files";
			sourceTree = "<group>";
		};
/* End PBXGroup section */

/* Begin PBXNativeTarget section */
		C39FF5E119F19C1A0018F394 /* Postcard */ = {
			isa = PBXNativeTarget;
			buildConfigurationList = C39FF60119F19C1B0018F394 /* Build configuration list for PBXNativeTarget "Postcard" */;
			buildPhases = (
				C39FF5DE19F19C1A0018F394 /* Sources */,
				C39FF5DF19F19C1A0018F394 /* Frameworks */,
				C39FF5E019F19C1A0018F394 /* Resources */,
			);
			buildRules = (
			);
			dependencies = (
			);
			name = Postcard;
			productName = Postcard;
			productReference = C39FF5E219F19C1A0018F394 /* Postcard.app */;
			productType = "com.apple.product-type.application";
		};
		C39FF5F619F19C1B0018F394 /* PostcardTests */ = {
			isa = PBXNativeTarget;
			buildConfigurationList = C39FF60419F19C1B0018F394 /* Build configuration list for PBXNativeTarget "PostcardTests" */;
			buildPhases = (
				C39FF5F319F19C1B0018F394 /* Sources */,
				C39FF5F419F19C1B0018F394 /* Frameworks */,
				C39FF5F519F19C1B0018F394 /* Resources */,
			);
			buildRules = (
			);
			dependencies = (
				C39FF5F919F19C1B0018F394 /* PBXTargetDependency */,
			);
			name = PostcardTests;
			productName = PostcardTests;
			productReference = C39FF5F719F19C1B0018F394 /* PostcardTests.xctest */;
			productType = "com.apple.product-type.bundle.unit-test";
		};
/* End PBXNativeTarget section */

/* Begin PBXProject section */
		C39FF5DA19F19C1A0018F394 /* Project object */ = {
			isa = PBXProject;
			attributes = {
				LastUpgradeCheck = 0600;
				ORGANIZATIONNAME = "Steve F";
				TargetAttributes = {
					C39FF5E119F19C1A0018F394 = {
						CreatedOnToolsVersion = 6.0.1;
					};
					C39FF5F619F19C1B0018F394 = {
						CreatedOnToolsVersion = 6.0.1;
						TestTargetID = C39FF5E119F19C1A0018F394;
					};
				};
			};
			buildConfigurationList = C39FF5DD19F19C1A0018F394 /* Build configuration list for PBXProject "Postcard" */;
			compatibilityVersion = "Xcode 3.2";
			developmentRegion = English;
			hasScannedForEncodings = 0;
			knownRegions = (
				en,
				Base,
			);
			mainGroup = C39FF5D919F19C1A0018F394;
			productRefGroup = C39FF5E319F19C1A0018F394 /* Products */;
			projectDirPath = "";
			projectRoot = "";
			targets = (
				C39FF5E119F19C1A0018F394 /* Postcard */,
				C39FF5F619F19C1B0018F394 /* PostcardTests */,
			);
		};
/* End PBXProject section */

/* Begin PBXResourcesBuildPhase section */
		C39FF5E019F19C1A0018F394 /* Resources */ = {
			isa = PBXResourcesBuildPhase;
			buildActionMask = 2147483647;
			files = (
				C39FF5ED19F19C1B0018F394 /* Main.storyboard in Resources */,
				C39FF5F219F19C1B0018F394 /* LaunchScreen.xib in Resources */,
				C39FF5EF19F19C1B0018F394 /* Images.xcassets in Resources */,
			);
			runOnlyForDeploymentPostprocessing = 0;
		};
		C39FF5F519F19C1B0018F394 /* Resources */ = {
			isa = PBXResourcesBuildPhase;
			buildActionMask = 2147483647;
			files = (
			);
			runOnlyForDeploymentPostprocessing = 0;
		};
/* End PBXResourcesBuildPhase section */

/* Begin PBXSourcesBuildPhase section */
		C39FF5DE19F19C1A0018F394 /* Sources */ = {
			isa = PBXSourcesBuildPhase;
			buildActionMask = 2147483647;
			files = (
				C39FF5EA19F19C1B0018F394 /* ViewController.swift in Sources */,
				C39FF5E819F19C1B0018F394 /* AppDelegate.swift in Sources */,
			);
			runOnlyForDeploymentPostprocessing = 0;
		};
		C39FF5F319F19C1B0018F394 /* Sources */ = {
			isa = PBXSourcesBuildPhase;
			buildActionMask = 2147483647;
			files = (
				C39FF5FE19F19C1B0018F394 /* PostcardTests.swift in Sources */,
			);
			runOnlyForDeploymentPostprocessing = 0;
		};
/* End PBXSourcesBuildPhase section */

/* Begin PBXTargetDependency section */
		C39FF5F919F19C1B0018F394 /* PBXTargetDependency */ = {
			isa = PBXTargetDependency;
			target = C39FF5E119F19C1A0018F394 /* Postcard */;
			targetProxy = C39FF5F819F19C1B0018F394 /* PBXContainerItemProxy */;
		};
/* End PBXTargetDependency section */

/* Begin PBXVariantGroup section */
		C39FF5EB19F19C1B0018F394 /* Main.storyboard */ = {
			isa = PBXVariantGroup;
			children = (
				C39FF5EC19F19C1B0018F394 /* Base */,
			);
			name = Main.storyboard;
			sourceTree = "<group>";
		};
		C39FF5F019F19C1B0018F394 /* LaunchScreen.xib */ = {
			isa = PBXVariantGroup;
			children = (
				C39FF5F119F19C1B0018F394 /* Base */,
			);
			name = LaunchScreen.xib;
			sourceTree = "<group>";
		};
/* End PBXVariantGroup section */

/* Begin XCBuildConfiguration section */
		C39FF5FF19F19C1B0018F394 /* Debug */ = {
			isa = XCBuildConfiguration;
			buildSettings = {
				ALWAYS_SEARCH_USER_PATHS = NO;
				CLANG_CXX_LANGUAGE_STANDARD = "gnu++0x";
				CLANG_CXX_LIBRARY = "libc++";
				CLANG_ENABLE_MODULES = YES;
				CLANG_ENABLE_OBJC_ARC = YES;
				CLANG_WARN_BOOL_CONVERSION = YES;
				CLANG_WARN_CONSTANT_CONVERSION = YES;
				CLANG_WARN_DIRECT_OBJC_ISA_USAGE = YES_ERROR;
				CLANG_WARN_EMPTY_BODY = YES;
				CLANG_WARN_ENUM_CONVERSION = YES;
				CLANG_WARN_INT_CONVERSION = YES;
				CLANG_WARN_OBJC_ROOT_CLASS = YES_ERROR;
				CLANG_WARN_UNREACHABLE_CODE = YES;
				CLANG_WARN__DUPLICATE_METHOD_MATCH = YES;
				"CODE_SIGN_IDENTITY[sdk=iphoneos*]" = "iPhone Developer";
				COPY_PHASE_STRIP = NO;
				ENABLE_STRICT_OBJC_MSGSEND = YES;
				GCC_C_LANGUAGE_STANDARD = gnu99;
				GCC_DYNAMIC_NO_PIC = NO;
				GCC_OPTIMIZATION_LEVEL = 0;
				GCC_PREPROCESSOR_DEFINITIONS = (
					"DEBUG=1",
					"$(inherited)",
				);
				GCC_SYMBOLS_PRIVATE_EXTERN = NO;
				GCC_WARN_64_TO_32_BIT_CONVERSION = YES;
				GCC_WARN_ABOUT_RETURN_TYPE = YES_ERROR;
				GCC_WARN_UNDECLARED_SELECTOR = YES;
				GCC_WARN_UNINITIALIZED_AUTOS = YES_AGGRESSIVE;
				GCC_WARN_UNUSED_FUNCTION = YES;
				GCC_WARN_UNUSED_VARIABLE = YES;
				IPHONEOS_DEPLOYMENT_TARGET = 8.0;
				MTL_ENABLE_DEBUG_INFO = YES;
				ONLY_ACTIVE_ARCH = YES;
				SDKROOT = iphoneos;
				SWIFT_OPTIMIZATION_LEVEL = "-Onone";
				TARGETED_DEVICE_FAMILY = "1,2";
			};
			name = Debug;
		};
		C39FF60019F19C1B0018F394 /* Release */ = {
			isa = XCBuildConfiguration;
			buildSettings = {
				ALWAYS_SEARCH_USER_PATHS = NO;
				CLANG_CXX_LANGUAGE_STANDARD = "gnu++0x";
				CLANG_CXX_LIBRARY = "libc++";
				CLANG_ENABLE_MODULES = YES;
				CLANG_ENABLE_OBJC_ARC = YES;
				CLANG_WARN_BOOL_CONVERSION = YES;
				CLANG_WARN_CONSTANT_CONVERSION = YES;
				CLANG_WARN_DIRECT_OBJC_ISA_USAGE = YES_ERROR;
				CLANG_WARN_EMPTY_BODY = YES;
				CLANG_WARN_ENUM_CONVERSION = YES;
				CLANG_WARN_INT_CONVERSION = YES;
				CLANG_WARN_OBJC_ROOT_CLASS = YES_ERROR;
				CLANG_WARN_UNREACHABLE_CODE = YES;
				CLANG_WARN__DUPLICATE_METHOD_MATCH = YES;
				"CODE_SIGN_IDENTITY[sdk=iphoneos*]" = "iPhone Developer";
				COPY_PHASE_STRIP = YES;
				ENABLE_NS_ASSERTIONS = NO;
				ENABLE_STRICT_OBJC_MSGSEND = YES;
				GCC_C_LANGUAGE_STANDARD = gnu99;
				GCC_WARN_64_TO_32_BIT_CONVERSION = YES;
				GCC_WARN_ABOUT_RETURN_TYPE = YES_ERROR;
				GCC_WARN_UNDECLARED_SELECTOR = YES;
				GCC_WARN_UNINITIALIZED_AUTOS = YES_AGGRESSIVE;
				GCC_WARN_UNUSED_FUNCTION = YES;
				GCC_WARN_UNUSED_VARIABLE = YES;
				IPHONEOS_DEPLOYMENT_TARGET = 8.0;
				MTL_ENABLE_DEBUG_INFO = NO;
				SDKROOT = iphoneos;
				TARGETED_DEVICE_FAMILY = "1,2";
				VALIDATE_PRODUCT = YES;
			};
			name = Release;
		};
		C39FF60219F19C1B0018F394 /* Debug */ = {
			isa = XCBuildConfiguration;
			buildSettings = {
				ASSETCATALOG_COMPILER_APPICON_NAME = AppIcon;
				INFOPLIST_FILE = Postcard/Info.plist;
				LD_RUNPATH_SEARCH_PATHS = "$(inherited) @executable_path/Frameworks";
				PRODUCT_NAME = "$(TARGET_NAME)";
			};
			name = Debug;
		};
		C39FF60319F19C1B0018F394 /* Release */ = {
			isa = XCBuildConfiguration;
			buildSettings = {
				ASSETCATALOG_COMPILER_APPICON_NAME = AppIcon;
				INFOPLIST_FILE = Postcard/Info.plist;
				LD_RUNPATH_SEARCH_PATHS = "$(inherited) @executable_path/Frameworks";
				PRODUCT_NAME = "$(TARGET_NAME)";
			};
			name = Release;
		};
		C39FF60519F19C1B0018F394 /* Debug */ = {
			isa = XCBuildConfiguration;
			buildSettings = {
				BUNDLE_LOADER = "$(TEST_HOST)";
				FRAMEWORK_SEARCH_PATHS = (
					"$(SDKROOT)/Developer/Library/Frameworks",
					"$(inherited)",
				);
				GCC_PREPROCESSOR_DEFINITIONS = (
					"DEBUG=1",
					"$(inherited)",
				);
				INFOPLIST_FILE = PostcardTests/Info.plist;
				LD_RUNPATH_SEARCH_PATHS = "$(inherited) @executable_path/Frameworks @loader_path/Frameworks";
				PRODUCT_NAME = "$(TARGET_NAME)";
				TEST_HOST = "$(BUILT_PRODUCTS_DIR)/Postcard.app/Postcard";
			};
			name = Debug;
		};
		C39FF60619F19C1B0018F394 /* Release */ = {
			isa = XCBuildConfiguration;
			buildSettings = {
				BUNDLE_LOADER = "$(TEST_HOST)";
				FRAMEWORK_SEARCH_PATHS = (
					"$(SDKROOT)/Developer/Library/Frameworks",
					"$(inherited)",
				);
				INFOPLIST_FILE = PostcardTests/Info.plist;
				LD_RUNPATH_SEARCH_PATHS = "$(inherited) @executable_path/Frameworks @loader_path/Frameworks";
				PRODUCT_NAME = "$(TARGET_NAME)";
				TEST_HOST = "$(BUILT_PRODUCTS_DIR)/Postcard.app/Postcard";
			};
			name = Release;
		};
/* End XCBuildConfiguration section */

/* Begin XCConfigurationList section */
		C39FF5DD19F19C1A0018F394 /* Build configuration list for PBXProject "Postcard" */ = {
			isa = XCConfigurationList;
			buildConfigurations = (
				C39FF5FF19F19C1B0018F394 /* Debug */,
				C39FF60019F19C1B0018F394 /* Release */,
			);
			defaultConfigurationIsVisible = 0;
			defaultConfigurationName = Release;
		};
		C39FF60119F19C1B0018F394 /* Build configuration list for PBXNativeTarget "Postcard" */ = {
			isa = XCConfigurationList;
			buildConfigurations = (
				C39FF60219F19C1B0018F394 /* Debug */,
				C39FF60319F19C1B0018F394 /* Release */,
			);
			defaultConfigurationIsVisible = 0;
		};
		C39FF60419F19C1B0018F394 /* Build configuration list for PBXNativeTarget "PostcardTests" */ = {
			isa = XCConfigurationList;
			buildConfigurations = (
				C39FF60519F19C1B0018F394 /* Debug */,
				C39FF60619F19C1B0018F394 /* Release */,
			);
			defaultConfigurationIsVisible = 0;
		};
/* End XCConfigurationList section */
	};
	rootObject = C39FF5DA19F19C1A0018F394 /* Project object */;
}
